
Microsoft Visual Studio Solution File, Format Version 12.00
# Visual Studio Version 16
VisualStudioVersion = 16.0.31129.286
MinimumVisualStudioVersion = 10.0.40219.1
Project("{FAE04EC0-301F-11D3-BF4B-00C04F79EFBC}") = "Lab2_Task4", "Lab2_Task4\Lab2_Task4.csproj", "{B6897B5E-E0FF-4EF2-986C-5D9603F7B012}"
EndProject
Global
	GlobalSection(SolutionConfigurationPlatforms) = preSolution
		Debug|Any CPU = Debug|Any CPU
		Release|Any CPU = Release|Any CPU
	EndGlobalSection
	GlobalSection(ProjectConfigurationPlatforms) = postSolution
		{B6897B5E-E0FF-4EF2-986C-5D9603F7B012}.Debug|Any CPU.ActiveCfg = Debug|Any CPU
		{B6897B5E-E0FF-4EF2-986C-5D9603F7B012}.Debug|Any CPU.Build.0 = Debug|Any CPU
		{B6897B5E-E0FF-4EF2-986C-5D9603F7B012}.Release|Any CPU.ActiveCfg = Release|Any CPU
		{B6897B5E-E0FF-4EF2-986C-5D9603F7B012}.Release|Any CPU.Build.0 = Release|Any CPU
	EndGlobalSection
	GlobalSection(SolutionProperties) = preSolution
		HideSolutionNode = FALSE
	EndGlobalSection
	GlobalSection(ExtensibilityGlobals) = postSolution
		SolutionGuid = {F7EB3594-4430-4117-BC69-0C2456412A18}
	EndGlobalSection
EndGlobal
