
Microsoft Visual Studio Solution File, Format Version 12.00
# Visual Studio Version 16
VisualStudioVersion = 16.0.31129.286
MinimumVisualStudioVersion = 10.0.40219.1
Project("{FAE04EC0-301F-11D3-BF4B-00C04F79EFBC}") = "Lab2_Task5", "Lab2_Task5\Lab2_Task5.csproj", "{83DE5651-6BBD-4E20-916C-F781DAF6A671}"
EndProject
Global
	GlobalSection(SolutionConfigurationPlatforms) = preSolution
		Debug|Any CPU = Debug|Any CPU
		Release|Any CPU = Release|Any CPU
	EndGlobalSection
	GlobalSection(ProjectConfigurationPlatforms) = postSolution
		{83DE5651-6BBD-4E20-916C-F781DAF6A671}.Debug|Any CPU.ActiveCfg = Debug|Any CPU
		{83DE5651-6BBD-4E20-916C-F781DAF6A671}.Debug|Any CPU.Build.0 = Debug|Any CPU
		{83DE5651-6BBD-4E20-916C-F781DAF6A671}.Release|Any CPU.ActiveCfg = Release|Any CPU
		{83DE5651-6BBD-4E20-916C-F781DAF6A671}.Release|Any CPU.Build.0 = Release|Any CPU
	EndGlobalSection
	GlobalSection(SolutionProperties) = preSolution
		HideSolutionNode = FALSE
	EndGlobalSection
	GlobalSection(ExtensibilityGlobals) = postSolution
		SolutionGuid = {80E05AF5-DAF5-4A6B-A485-E890AAAFA597}
	EndGlobalSection
EndGlobal
