
Microsoft Visual Studio Solution File, Format Version 12.00
# Visual Studio Version 16
VisualStudioVersion = 16.0.31129.286
MinimumVisualStudioVersion = 10.0.40219.1
Project("{FAE04EC0-301F-11D3-BF4B-00C04F79EFBC}") = "Lab2_Task6", "Lab2_Task6\Lab2_Task6.csproj", "{8EC48433-B694-4EE3-ACDF-3E778745B902}"
EndProject
Global
	GlobalSection(SolutionConfigurationPlatforms) = preSolution
		Debug|Any CPU = Debug|Any CPU
		Release|Any CPU = Release|Any CPU
	EndGlobalSection
	GlobalSection(ProjectConfigurationPlatforms) = postSolution
		{8EC48433-B694-4EE3-ACDF-3E778745B902}.Debug|Any CPU.ActiveCfg = Debug|Any CPU
		{8EC48433-B694-4EE3-ACDF-3E778745B902}.Debug|Any CPU.Build.0 = Debug|Any CPU
		{8EC48433-B694-4EE3-ACDF-3E778745B902}.Release|Any CPU.ActiveCfg = Release|Any CPU
		{8EC48433-B694-4EE3-ACDF-3E778745B902}.Release|Any CPU.Build.0 = Release|Any CPU
	EndGlobalSection
	GlobalSection(SolutionProperties) = preSolution
		HideSolutionNode = FALSE
	EndGlobalSection
	GlobalSection(ExtensibilityGlobals) = postSolution
		SolutionGuid = {158B307A-674C-4B18-A65C-F480A78D97F2}
	EndGlobalSection
EndGlobal
