
Microsoft Visual Studio Solution File, Format Version 12.00
# Visual Studio Version 16
VisualStudioVersion = 16.0.31129.286
MinimumVisualStudioVersion = 10.0.40219.1
Project("{FAE04EC0-301F-11D3-BF4B-00C04F79EFBC}") = "Lab2_Task3", "Lab2_Task3\Lab2_Task3.csproj", "{A90C2518-A471-43B9-8CBB-1EB262AAA126}"
EndProject
Global
	GlobalSection(SolutionConfigurationPlatforms) = preSolution
		Debug|Any CPU = Debug|Any CPU
		Release|Any CPU = Release|Any CPU
	EndGlobalSection
	GlobalSection(ProjectConfigurationPlatforms) = postSolution
		{A90C2518-A471-43B9-8CBB-1EB262AAA126}.Debug|Any CPU.ActiveCfg = Debug|Any CPU
		{A90C2518-A471-43B9-8CBB-1EB262AAA126}.Debug|Any CPU.Build.0 = Debug|Any CPU
		{A90C2518-A471-43B9-8CBB-1EB262AAA126}.Release|Any CPU.ActiveCfg = Release|Any CPU
		{A90C2518-A471-43B9-8CBB-1EB262AAA126}.Release|Any CPU.Build.0 = Release|Any CPU
	EndGlobalSection
	GlobalSection(SolutionProperties) = preSolution
		HideSolutionNode = FALSE
	EndGlobalSection
	GlobalSection(ExtensibilityGlobals) = postSolution
		SolutionGuid = {93405789-93BB-49AA-AA71-40F11FC58988}
	EndGlobalSection
EndGlobal
